
Microsoft Visual Studio Solution File, Format Version 12.00
# Visual Studio Version 17
VisualStudioVersion = 17.5.002.0
MinimumVisualStudioVersion = 10.0.40219.1
Project("{9A19103F-16F7-4668-BE54-9A1E7A4F7556}") = "EdcHost", "EdcHost\EdcHost.csproj", "{3EE0804E-7469-48B0-95E3-703841EB5D54}"
EndProject
Project("{9A19103F-16F7-4668-BE54-9A1E7A4F7556}") = "EdcHost.Tests", "EdcHost.Tests\EdcHost.Tests.csproj", "{B4EAF501-8D4D-4291-BECE-37A5B6AC233B}"
EndProject
Global
	GlobalSection(SolutionConfigurationPlatforms) = preSolution
		Debug|Any CPU = Debug|Any CPU
		Release|Any CPU = Release|Any CPU
	EndGlobalSection
	GlobalSection(ProjectConfigurationPlatforms) = postSolution
		{3EE0804E-7469-48B0-95E3-703841EB5D54}.Debug|Any CPU.ActiveCfg = Debug|Any CPU
		{3EE0804E-7469-48B0-95E3-703841EB5D54}.Debug|Any CPU.Build.0 = Debug|Any CPU
		{3EE0804E-7469-48B0-95E3-703841EB5D54}.Release|Any CPU.ActiveCfg = Release|Any CPU
		{3EE0804E-7469-48B0-95E3-703841EB5D54}.Release|Any CPU.Build.0 = Release|Any CPU
		{B4EAF501-8D4D-4291-BECE-37A5B6AC233B}.Debug|Any CPU.ActiveCfg = Debug|Any CPU
		{B4EAF501-8D4D-4291-BECE-37A5B6AC233B}.Debug|Any CPU.Build.0 = Debug|Any CPU
		{B4EAF501-8D4D-4291-BECE-37A5B6AC233B}.Release|Any CPU.ActiveCfg = Release|Any CPU
		{B4EAF501-8D4D-4291-BECE-37A5B6AC233B}.Release|Any CPU.Build.0 = Release|Any CPU
	EndGlobalSection
	GlobalSection(SolutionProperties) = preSolution
		HideSolutionNode = FALSE
	EndGlobalSection
	GlobalSection(ExtensibilityGlobals) = postSolution
		SolutionGuid = {2D26B19F-F15C-4639-8FEB-8E2699C25F4B}
	EndGlobalSection
EndGlobal
